
Microsoft Visual Studio Solution File, Format Version 12.00
# Visual Studio 15
Project("{FAE04EC0-301F-11D3-BF4B-00C04F79EFBC}") = "Assembly-CSharp", "Assembly-CSharp.csproj", "{8829052B-5F81-3899-0944-9FADE48B73B1}"
EndProject
Project("{FAE04EC0-301F-11D3-BF4B-00C04F79EFBC}") = "Assembly-CSharp-Editor", "Assembly-CSharp-Editor.csproj", "{14E6CABF-3313-D340-62F8-B8FF4CF5CA88}"
EndProject
Global
	GlobalSection(SolutionConfigurationPlatforms) = preSolution
		Debug|Any CPU = Debug|Any CPU
		Release|Any CPU = Release|Any CPU
	EndGlobalSection
	GlobalSection(ProjectConfigurationPlatforms) = postSolution
		{8829052B-5F81-3899-0944-9FADE48B73B1}.Debug|Any CPU.ActiveCfg = Debug|Any CPU
		{8829052B-5F81-3899-0944-9FADE48B73B1}.Debug|Any CPU.Build.0 = Debug|Any CPU
		{8829052B-5F81-3899-0944-9FADE48B73B1}.Release|Any CPU.ActiveCfg = Release|Any CPU
		{8829052B-5F81-3899-0944-9FADE48B73B1}.Release|Any CPU.Build.0 = Release|Any CPU
		{14E6CABF-3313-D340-62F8-B8FF4CF5CA88}.Debug|Any CPU.ActiveCfg = Debug|Any CPU
		{14E6CABF-3313-D340-62F8-B8FF4CF5CA88}.Debug|Any CPU.Build.0 = Debug|Any CPU
		{14E6CABF-3313-D340-62F8-B8FF4CF5CA88}.Release|Any CPU.ActiveCfg = Release|Any CPU
		{14E6CABF-3313-D340-62F8-B8FF4CF5CA88}.Release|Any CPU.Build.0 = Release|Any CPU
	EndGlobalSection
	GlobalSection(SolutionProperties) = preSolution
		HideSolutionNode = FALSE
	EndGlobalSection
EndGlobal
